{
  "name": "theme-verdandi",
  "version": "1.7.2",
  "lockfileVersion": 1,
  "requires": true,
  "dependencies": {
    "onecolor": {
      "version": "3.0.4",
      "resolved": "https://registry.npmjs.org/onecolor/-/onecolor-3.0.4.tgz",
      "integrity": "sha1-daRvgNpseqpbTarhekcZi9llJJQ=",
      "dev": true
    }
  }
}
